
Microsoft Visual Studio Solution File, Format Version 12.00
# Visual Studio Version 16
VisualStudioVersion = 16.0.30204.135
MinimumVisualStudioVersion = 10.0.40219.1
Project("{FAE04EC0-301F-11D3-BF4B-00C04F79EFBC}") = "For-Loop", "For-Loop.csproj", "{4FDFC895-33D2-48E8-B003-1A413CB8124F}"
EndProject
Global
	GlobalSection(SolutionConfigurationPlatforms) = preSolution
		Debug|Any CPU = Debug|Any CPU
		Release|Any CPU = Release|Any CPU
	EndGlobalSection
	GlobalSection(ProjectConfigurationPlatforms) = postSolution
		{4FDFC895-33D2-48E8-B003-1A413CB8124F}.Debug|Any CPU.ActiveCfg = Debug|Any CPU
		{4FDFC895-33D2-48E8-B003-1A413CB8124F}.Debug|Any CPU.Build.0 = Debug|Any CPU
		{4FDFC895-33D2-48E8-B003-1A413CB8124F}.Release|Any CPU.ActiveCfg = Release|Any CPU
		{4FDFC895-33D2-48E8-B003-1A413CB8124F}.Release|Any CPU.Build.0 = Release|Any CPU
	EndGlobalSection
	GlobalSection(SolutionProperties) = preSolution
		HideSolutionNode = FALSE
	EndGlobalSection
	GlobalSection(ExtensibilityGlobals) = postSolution
		SolutionGuid = {E7BC7526-94EC-4673-9E8C-78FB47B6F0A1}
	EndGlobalSection
EndGlobal
