
Microsoft Visual Studio Solution File, Format Version 12.00
# Visual Studio Version 16
VisualStudioVersion = 16.0.30204.135
MinimumVisualStudioVersion = 10.0.40219.1
Project("{FAE04EC0-301F-11D3-BF4B-00C04F79EFBC}") = "OOP-Intro", "OOP-Intro.csproj", "{F8E72A02-BC2E-42B8-AC6F-91A1A4A4C944}"
EndProject
Global
	GlobalSection(SolutionConfigurationPlatforms) = preSolution
		Debug|Any CPU = Debug|Any CPU
		Release|Any CPU = Release|Any CPU
	EndGlobalSection
	GlobalSection(ProjectConfigurationPlatforms) = postSolution
		{F8E72A02-BC2E-42B8-AC6F-91A1A4A4C944}.Debug|Any CPU.ActiveCfg = Debug|Any CPU
		{F8E72A02-BC2E-42B8-AC6F-91A1A4A4C944}.Debug|Any CPU.Build.0 = Debug|Any CPU
		{F8E72A02-BC2E-42B8-AC6F-91A1A4A4C944}.Release|Any CPU.ActiveCfg = Release|Any CPU
		{F8E72A02-BC2E-42B8-AC6F-91A1A4A4C944}.Release|Any CPU.Build.0 = Release|Any CPU
	EndGlobalSection
	GlobalSection(SolutionProperties) = preSolution
		HideSolutionNode = FALSE
	EndGlobalSection
	GlobalSection(ExtensibilityGlobals) = postSolution
		SolutionGuid = {A8E32302-BE93-4D59-94FE-B7BD77FCFAF6}
	EndGlobalSection
EndGlobal
