
Microsoft Visual Studio Solution File, Format Version 12.00
# Visual Studio Version 16
VisualStudioVersion = 16.0.30204.135
MinimumVisualStudioVersion = 10.0.40219.1
Project("{FAE04EC0-301F-11D3-BF4B-00C04F79EFBC}") = "FILE-IO", "FILE-IO.csproj", "{5BADCB73-8BA6-4A33-B51A-2FF763DC07D3}"
EndProject
Global
	GlobalSection(SolutionConfigurationPlatforms) = preSolution
		Debug|Any CPU = Debug|Any CPU
		Release|Any CPU = Release|Any CPU
	EndGlobalSection
	GlobalSection(ProjectConfigurationPlatforms) = postSolution
		{5BADCB73-8BA6-4A33-B51A-2FF763DC07D3}.Debug|Any CPU.ActiveCfg = Debug|Any CPU
		{5BADCB73-8BA6-4A33-B51A-2FF763DC07D3}.Debug|Any CPU.Build.0 = Debug|Any CPU
		{5BADCB73-8BA6-4A33-B51A-2FF763DC07D3}.Release|Any CPU.ActiveCfg = Release|Any CPU
		{5BADCB73-8BA6-4A33-B51A-2FF763DC07D3}.Release|Any CPU.Build.0 = Release|Any CPU
	EndGlobalSection
	GlobalSection(SolutionProperties) = preSolution
		HideSolutionNode = FALSE
	EndGlobalSection
	GlobalSection(ExtensibilityGlobals) = postSolution
		SolutionGuid = {920853E1-A07B-4D39-95FB-2E5EA8B41674}
	EndGlobalSection
EndGlobal
