
Microsoft Visual Studio Solution File, Format Version 12.00
# Visual Studio Version 16
VisualStudioVersion = 16.0.31005.135
MinimumVisualStudioVersion = 10.0.40219.1
Project("{FAE04EC0-301F-11D3-BF4B-00C04F79EFBC}") = "environ-variables", "environ-variables.csproj", "{9C173F91-CC8D-400C-AD5B-943093698CC0}"
EndProject
Global
	GlobalSection(SolutionConfigurationPlatforms) = preSolution
		Debug|Any CPU = Debug|Any CPU
		Release|Any CPU = Release|Any CPU
	EndGlobalSection
	GlobalSection(ProjectConfigurationPlatforms) = postSolution
		{9C173F91-CC8D-400C-AD5B-943093698CC0}.Debug|Any CPU.ActiveCfg = Debug|Any CPU
		{9C173F91-CC8D-400C-AD5B-943093698CC0}.Debug|Any CPU.Build.0 = Debug|Any CPU
		{9C173F91-CC8D-400C-AD5B-943093698CC0}.Release|Any CPU.ActiveCfg = Release|Any CPU
		{9C173F91-CC8D-400C-AD5B-943093698CC0}.Release|Any CPU.Build.0 = Release|Any CPU
	EndGlobalSection
	GlobalSection(SolutionProperties) = preSolution
		HideSolutionNode = FALSE
	EndGlobalSection
	GlobalSection(ExtensibilityGlobals) = postSolution
		SolutionGuid = {1DB42BFF-DD73-431A-97B1-6A133D86CBB2}
	EndGlobalSection
EndGlobal
