
Microsoft Visual Studio Solution File, Format Version 12.00
# Visual Studio Version 16
VisualStudioVersion = 16.0.30204.135
MinimumVisualStudioVersion = 10.0.40219.1
Project("{FAE04EC0-301F-11D3-BF4B-00C04F79EFBC}") = "StringsAndRegex", "StringsAndRegex.csproj", "{9E067F43-0F16-403B-950E-BEE8E4B34394}"
EndProject
Global
	GlobalSection(SolutionConfigurationPlatforms) = preSolution
		Debug|Any CPU = Debug|Any CPU
		Release|Any CPU = Release|Any CPU
	EndGlobalSection
	GlobalSection(ProjectConfigurationPlatforms) = postSolution
		{9E067F43-0F16-403B-950E-BEE8E4B34394}.Debug|Any CPU.ActiveCfg = Debug|Any CPU
		{9E067F43-0F16-403B-950E-BEE8E4B34394}.Debug|Any CPU.Build.0 = Debug|Any CPU
		{9E067F43-0F16-403B-950E-BEE8E4B34394}.Release|Any CPU.ActiveCfg = Release|Any CPU
		{9E067F43-0F16-403B-950E-BEE8E4B34394}.Release|Any CPU.Build.0 = Release|Any CPU
	EndGlobalSection
	GlobalSection(SolutionProperties) = preSolution
		HideSolutionNode = FALSE
	EndGlobalSection
	GlobalSection(ExtensibilityGlobals) = postSolution
		SolutionGuid = {1D1A568E-C375-4EB0-89A0-349A919E3271}
	EndGlobalSection
EndGlobal
