
Microsoft Visual Studio Solution File, Format Version 12.00
# Visual Studio Version 16
VisualStudioVersion = 16.0.30204.135
MinimumVisualStudioVersion = 10.0.40219.1
Project("{FAE04EC0-301F-11D3-BF4B-00C04F79EFBC}") = "OOP-Inheritance", "OOP-Inheritance.csproj", "{C26DA42C-F351-44AA-A40F-BA83DD10A03E}"
EndProject
Global
	GlobalSection(SolutionConfigurationPlatforms) = preSolution
		Debug|Any CPU = Debug|Any CPU
		Release|Any CPU = Release|Any CPU
	EndGlobalSection
	GlobalSection(ProjectConfigurationPlatforms) = postSolution
		{C26DA42C-F351-44AA-A40F-BA83DD10A03E}.Debug|Any CPU.ActiveCfg = Debug|Any CPU
		{C26DA42C-F351-44AA-A40F-BA83DD10A03E}.Debug|Any CPU.Build.0 = Debug|Any CPU
		{C26DA42C-F351-44AA-A40F-BA83DD10A03E}.Release|Any CPU.ActiveCfg = Release|Any CPU
		{C26DA42C-F351-44AA-A40F-BA83DD10A03E}.Release|Any CPU.Build.0 = Release|Any CPU
	EndGlobalSection
	GlobalSection(SolutionProperties) = preSolution
		HideSolutionNode = FALSE
	EndGlobalSection
	GlobalSection(ExtensibilityGlobals) = postSolution
		SolutionGuid = {4C815A3F-4A50-4908-8C8D-688BF99CA59B}
	EndGlobalSection
EndGlobal
