
Microsoft Visual Studio Solution File, Format Version 12.00
# Visual Studio Version 16
VisualStudioVersion = 16.0.30204.135
MinimumVisualStudioVersion = 10.0.40219.1
Project("{FAE04EC0-301F-11D3-BF4B-00C04F79EFBC}") = "ListAndDictionaries", "ListAndDictionaries.csproj", "{78ADE005-88AA-48C9-B872-794540431BD7}"
EndProject
Global
	GlobalSection(SolutionConfigurationPlatforms) = preSolution
		Debug|Any CPU = Debug|Any CPU
		Release|Any CPU = Release|Any CPU
	EndGlobalSection
	GlobalSection(ProjectConfigurationPlatforms) = postSolution
		{78ADE005-88AA-48C9-B872-794540431BD7}.Debug|Any CPU.ActiveCfg = Debug|Any CPU
		{78ADE005-88AA-48C9-B872-794540431BD7}.Debug|Any CPU.Build.0 = Debug|Any CPU
		{78ADE005-88AA-48C9-B872-794540431BD7}.Release|Any CPU.ActiveCfg = Release|Any CPU
		{78ADE005-88AA-48C9-B872-794540431BD7}.Release|Any CPU.Build.0 = Release|Any CPU
	EndGlobalSection
	GlobalSection(SolutionProperties) = preSolution
		HideSolutionNode = FALSE
	EndGlobalSection
	GlobalSection(ExtensibilityGlobals) = postSolution
		SolutionGuid = {4D0B347D-9507-43D9-9584-69E13249664D}
	EndGlobalSection
EndGlobal
