
Microsoft Visual Studio Solution File, Format Version 12.00
# Visual Studio Version 16
VisualStudioVersion = 16.0.30204.135
MinimumVisualStudioVersion = 10.0.40219.1
Project("{FAE04EC0-301F-11D3-BF4B-00C04F79EFBC}") = "Enums-File-IO", "Enums-File-IO.csproj", "{FDAF2924-723C-4EAF-8F36-1A0A7BDCD7EE}"
EndProject
Global
	GlobalSection(SolutionConfigurationPlatforms) = preSolution
		Debug|Any CPU = Debug|Any CPU
		Release|Any CPU = Release|Any CPU
	EndGlobalSection
	GlobalSection(ProjectConfigurationPlatforms) = postSolution
		{FDAF2924-723C-4EAF-8F36-1A0A7BDCD7EE}.Debug|Any CPU.ActiveCfg = Debug|Any CPU
		{FDAF2924-723C-4EAF-8F36-1A0A7BDCD7EE}.Debug|Any CPU.Build.0 = Debug|Any CPU
		{FDAF2924-723C-4EAF-8F36-1A0A7BDCD7EE}.Release|Any CPU.ActiveCfg = Release|Any CPU
		{FDAF2924-723C-4EAF-8F36-1A0A7BDCD7EE}.Release|Any CPU.Build.0 = Release|Any CPU
	EndGlobalSection
	GlobalSection(SolutionProperties) = preSolution
		HideSolutionNode = FALSE
	EndGlobalSection
	GlobalSection(ExtensibilityGlobals) = postSolution
		SolutionGuid = {C9E8843A-E9EE-4A03-89A4-DE62C43F6835}
	EndGlobalSection
EndGlobal
