
Microsoft Visual Studio Solution File, Format Version 12.00
# Visual Studio Version 16
VisualStudioVersion = 16.0.30204.135
MinimumVisualStudioVersion = 10.0.40219.1
Project("{FAE04EC0-301F-11D3-BF4B-00C04F79EFBC}") = "Arrayss", "Arrayss.csproj", "{F5F9024B-4997-44A9-9D15-C8A108E26911}"
EndProject
Global
	GlobalSection(SolutionConfigurationPlatforms) = preSolution
		Debug|Any CPU = Debug|Any CPU
		Release|Any CPU = Release|Any CPU
	EndGlobalSection
	GlobalSection(ProjectConfigurationPlatforms) = postSolution
		{F5F9024B-4997-44A9-9D15-C8A108E26911}.Debug|Any CPU.ActiveCfg = Debug|Any CPU
		{F5F9024B-4997-44A9-9D15-C8A108E26911}.Debug|Any CPU.Build.0 = Debug|Any CPU
		{F5F9024B-4997-44A9-9D15-C8A108E26911}.Release|Any CPU.ActiveCfg = Release|Any CPU
		{F5F9024B-4997-44A9-9D15-C8A108E26911}.Release|Any CPU.Build.0 = Release|Any CPU
	EndGlobalSection
	GlobalSection(SolutionProperties) = preSolution
		HideSolutionNode = FALSE
	EndGlobalSection
	GlobalSection(ExtensibilityGlobals) = postSolution
		SolutionGuid = {BCF03091-AE6E-4A6B-8175-3A83B47E24FF}
	EndGlobalSection
EndGlobal
