
Microsoft Visual Studio Solution File, Format Version 12.00
# Visual Studio Version 16
VisualStudioVersion = 16.0.30204.135
MinimumVisualStudioVersion = 10.0.40219.1
Project("{FAE04EC0-301F-11D3-BF4B-00C04F79EFBC}") = "Make_your_own_api", "Make_your_own_api.csproj", "{5078AE20-4C4F-4912-B234-13E33E85BD29}"
EndProject
Global
	GlobalSection(SolutionConfigurationPlatforms) = preSolution
		Debug|Any CPU = Debug|Any CPU
		Release|Any CPU = Release|Any CPU
	EndGlobalSection
	GlobalSection(ProjectConfigurationPlatforms) = postSolution
		{5078AE20-4C4F-4912-B234-13E33E85BD29}.Debug|Any CPU.ActiveCfg = Debug|Any CPU
		{5078AE20-4C4F-4912-B234-13E33E85BD29}.Debug|Any CPU.Build.0 = Debug|Any CPU
		{5078AE20-4C4F-4912-B234-13E33E85BD29}.Release|Any CPU.ActiveCfg = Release|Any CPU
		{5078AE20-4C4F-4912-B234-13E33E85BD29}.Release|Any CPU.Build.0 = Release|Any CPU
	EndGlobalSection
	GlobalSection(SolutionProperties) = preSolution
		HideSolutionNode = FALSE
	EndGlobalSection
	GlobalSection(ExtensibilityGlobals) = postSolution
		SolutionGuid = {B2F48156-D0D6-430A-AB8A-2EA408301913}
	EndGlobalSection
EndGlobal
